
Microsoft Visual Studio Solution File, Format Version 12.00
# Visual Studio 15
VisualStudioVersion = 15.0.28307.489
MinimumVisualStudioVersion = 10.0.40219.1
Project("{FAE04EC0-301F-11D3-BF4B-00C04F79EFBC}") = "Collection", "Collection\Collection.csproj", "{AB2450EA-86B4-45EA-822F-F9ADCA99C7E1}"
EndProject
Global
	GlobalSection(SolutionConfigurationPlatforms) = preSolution
		Debug|Any CPU = Debug|Any CPU
		Release|Any CPU = Release|Any CPU
	EndGlobalSection
	GlobalSection(ProjectConfigurationPlatforms) = postSolution
		{AB2450EA-86B4-45EA-822F-F9ADCA99C7E1}.Debug|Any CPU.ActiveCfg = Debug|Any CPU
		{AB2450EA-86B4-45EA-822F-F9ADCA99C7E1}.Debug|Any CPU.Build.0 = Debug|Any CPU
		{AB2450EA-86B4-45EA-822F-F9ADCA99C7E1}.Release|Any CPU.ActiveCfg = Release|Any CPU
		{AB2450EA-86B4-45EA-822F-F9ADCA99C7E1}.Release|Any CPU.Build.0 = Release|Any CPU
	EndGlobalSection
	GlobalSection(SolutionProperties) = preSolution
		HideSolutionNode = FALSE
	EndGlobalSection
	GlobalSection(ExtensibilityGlobals) = postSolution
		SolutionGuid = {C66AC9D7-C5AF-44FE-886C-779A0BFE8289}
	EndGlobalSection
EndGlobal
